
Microsoft Visual Studio Solution File, Format Version 12.00
# Visual Studio Version 16
VisualStudioVersion = 16.0.31205.134
MinimumVisualStudioVersion = 10.0.40219.1
Project("{FAE04EC0-301F-11D3-BF4B-00C04F79EFBC}") = "SketchUpSharp", "SketchUpSharp\SketchUpSharp.csproj", "{9BB12537-8F2B-4783-AF78-958A96E928A4}"
EndProject
Global
	GlobalSection(SolutionConfigurationPlatforms) = preSolution
		Debug|Any CPU = Debug|Any CPU
		Release|Any CPU = Release|Any CPU
	EndGlobalSection
	GlobalSection(ProjectConfigurationPlatforms) = postSolution
		{9BB12537-8F2B-4783-AF78-958A96E928A4}.Debug|Any CPU.ActiveCfg = Debug|Any CPU
		{9BB12537-8F2B-4783-AF78-958A96E928A4}.Debug|Any CPU.Build.0 = Debug|Any CPU
		{9BB12537-8F2B-4783-AF78-958A96E928A4}.Release|Any CPU.ActiveCfg = Release|Any CPU
		{9BB12537-8F2B-4783-AF78-958A96E928A4}.Release|Any CPU.Build.0 = Release|Any CPU
	EndGlobalSection
	GlobalSection(SolutionProperties) = preSolution
		HideSolutionNode = FALSE
	EndGlobalSection
	GlobalSection(ExtensibilityGlobals) = postSolution
		SolutionGuid = {AE357C8D-1E61-4103-AA90-2B8FB6DB2705}
	EndGlobalSection
EndGlobal
