
Microsoft Visual Studio Solution File, Format Version 12.00
# Visual Studio Version 16
VisualStudioVersion = 16.0.31205.134
MinimumVisualStudioVersion = 10.0.40219.1
Project("{9A19103F-16F7-4668-BE54-9A1E7A4F7556}") = "SketchUpSharp", "SketchUpSharp\SketchUpSharp.csproj", "{C874A356-F347-4C35-B4ED-F7077F058086}"
EndProject
Project("{9A19103F-16F7-4668-BE54-9A1E7A4F7556}") = "SketchUpSharp.QuickStart.Read", "SketchUpSharp.QuickStart.Read\SketchUpSharp.QuickStart.Read.csproj", "{A8E34087-D73F-44C0-8254-A9FE552AD6F6}"
EndProject
Project("{9A19103F-16F7-4668-BE54-9A1E7A4F7556}") = "SketchUpSharp.QuickStart.Write", "SketchUpSharp.QuickStart.Write\SketchUpSharp.QuickStart.Write.csproj", "{8EA60294-C480-495E-93F1-9C2EF440E00A}"
EndProject
Global
	GlobalSection(SolutionConfigurationPlatforms) = preSolution
		Debug|Any CPU = Debug|Any CPU
		Release|Any CPU = Release|Any CPU
	EndGlobalSection
	GlobalSection(ProjectConfigurationPlatforms) = postSolution
		{C874A356-F347-4C35-B4ED-F7077F058086}.Debug|Any CPU.ActiveCfg = Debug|Any CPU
		{C874A356-F347-4C35-B4ED-F7077F058086}.Debug|Any CPU.Build.0 = Debug|Any CPU
		{C874A356-F347-4C35-B4ED-F7077F058086}.Release|Any CPU.ActiveCfg = Release|Any CPU
		{C874A356-F347-4C35-B4ED-F7077F058086}.Release|Any CPU.Build.0 = Release|Any CPU
		{A8E34087-D73F-44C0-8254-A9FE552AD6F6}.Debug|Any CPU.ActiveCfg = Debug|Any CPU
		{A8E34087-D73F-44C0-8254-A9FE552AD6F6}.Debug|Any CPU.Build.0 = Debug|Any CPU
		{A8E34087-D73F-44C0-8254-A9FE552AD6F6}.Release|Any CPU.ActiveCfg = Release|Any CPU
		{A8E34087-D73F-44C0-8254-A9FE552AD6F6}.Release|Any CPU.Build.0 = Release|Any CPU
		{8EA60294-C480-495E-93F1-9C2EF440E00A}.Debug|Any CPU.ActiveCfg = Debug|Any CPU
		{8EA60294-C480-495E-93F1-9C2EF440E00A}.Debug|Any CPU.Build.0 = Debug|Any CPU
		{8EA60294-C480-495E-93F1-9C2EF440E00A}.Release|Any CPU.ActiveCfg = Release|Any CPU
		{8EA60294-C480-495E-93F1-9C2EF440E00A}.Release|Any CPU.Build.0 = Release|Any CPU
	EndGlobalSection
	GlobalSection(SolutionProperties) = preSolution
		HideSolutionNode = FALSE
	EndGlobalSection
	GlobalSection(ExtensibilityGlobals) = postSolution
		SolutionGuid = {550E86C6-E752-41FA-8142-BC1B7E9F80C6}
	EndGlobalSection
EndGlobal
